
Microsoft Visual Studio Solution File, Format Version 12.00
# Visual Studio Version 17
VisualStudioVersion = 17.0.31912.275
MinimumVisualStudioVersion = 10.0.40219.1
Project("{FAE04EC0-301F-11D3-BF4B-00C04F79EFBC}") = "Medris_Vlad_Lab5", "Medris_Vlad_Lab5.csproj", "{EBB82119-8D79-4C6E-A3AE-25800D7D1EA8}"
EndProject
Project("{FAE04EC0-301F-11D3-BF4B-00C04F79EFBC}") = "AutoLotModel", "..\AutoLotModel\AutoLotModel.csproj", "{3A4B5259-C9D5-4A8D-A4A5-8211E0C5EC58}"
EndProject
Global
	GlobalSection(SolutionConfigurationPlatforms) = preSolution
		Debug|Any CPU = Debug|Any CPU
		Release|Any CPU = Release|Any CPU
	EndGlobalSection
	GlobalSection(ProjectConfigurationPlatforms) = postSolution
		{EBB82119-8D79-4C6E-A3AE-25800D7D1EA8}.Debug|Any CPU.ActiveCfg = Debug|Any CPU
		{EBB82119-8D79-4C6E-A3AE-25800D7D1EA8}.Debug|Any CPU.Build.0 = Debug|Any CPU
		{EBB82119-8D79-4C6E-A3AE-25800D7D1EA8}.Release|Any CPU.ActiveCfg = Release|Any CPU
		{EBB82119-8D79-4C6E-A3AE-25800D7D1EA8}.Release|Any CPU.Build.0 = Release|Any CPU
		{3A4B5259-C9D5-4A8D-A4A5-8211E0C5EC58}.Debug|Any CPU.ActiveCfg = Debug|Any CPU
		{3A4B5259-C9D5-4A8D-A4A5-8211E0C5EC58}.Debug|Any CPU.Build.0 = Debug|Any CPU
		{3A4B5259-C9D5-4A8D-A4A5-8211E0C5EC58}.Release|Any CPU.ActiveCfg = Release|Any CPU
		{3A4B5259-C9D5-4A8D-A4A5-8211E0C5EC58}.Release|Any CPU.Build.0 = Release|Any CPU
	EndGlobalSection
	GlobalSection(SolutionProperties) = preSolution
		HideSolutionNode = FALSE
	EndGlobalSection
	GlobalSection(ExtensibilityGlobals) = postSolution
		SolutionGuid = {3467F8CA-08E4-4E00-B1FC-8419F6DE297A}
	EndGlobalSection
EndGlobal
